
Microsoft Visual Studio Solution File, Format Version 12.00
# Visual Studio Version 17
VisualStudioVersion = 17.13.35913.81 d17.13
MinimumVisualStudioVersion = 10.0.40219.1
Project("{FAE04EC0-301F-11D3-BF4B-00C04F79EFBC}") = "ZodiacSignUserStore", "ZodiacSignUserStore.csproj", "{F4DC4F90-80AF-4A6E-A9CB-BAE36DD1DEEE}"
EndProject
Global
	GlobalSection(SolutionConfigurationPlatforms) = preSolution
		Debug|Any CPU = Debug|Any CPU
		Release|Any CPU = Release|Any CPU
	EndGlobalSection
	GlobalSection(ProjectConfigurationPlatforms) = postSolution
		{F4DC4F90-80AF-4A6E-A9CB-BAE36DD1DEEE}.Debug|Any CPU.ActiveCfg = Debug|Any CPU
		{F4DC4F90-80AF-4A6E-A9CB-BAE36DD1DEEE}.Debug|Any CPU.Build.0 = Debug|Any CPU
		{F4DC4F90-80AF-4A6E-A9CB-BAE36DD1DEEE}.Release|Any CPU.ActiveCfg = Release|Any CPU
		{F4DC4F90-80AF-4A6E-A9CB-BAE36DD1DEEE}.Release|Any CPU.Build.0 = Release|Any CPU
	EndGlobalSection
	GlobalSection(SolutionProperties) = preSolution
		HideSolutionNode = FALSE
	EndGlobalSection
	GlobalSection(ExtensibilityGlobals) = postSolution
		SolutionGuid = {9233CE1A-A6C6-4199-A9CA-C6EDC6B344AD}
	EndGlobalSection
EndGlobal
